// !$*UTF8*$!
{
	archiveVersion = 1;
	classes = {
	};
	objectVersion = 51;
	objects = {

/* Begin PBXBuildFile section */
		2ACB5689AEC6C04D27339AA0 /* Pods_OCStudy.framework in Frameworks */ = {isa = PBXBuildFile; fileRef = 86292583EEE8850F33B234DC /* Pods_OCStudy.framework */; };
		5603067224714CE800FE6C98 /* AppDelegate.m in Sources */ = {isa = PBXBuildFile; fileRef = 5603067124714CE800FE6C98 /* AppDelegate.m */; };
		5603067524714CE800FE6C98 /* SceneDelegate.m in Sources */ = {isa = PBXBuildFile; fileRef = 5603067424714CE800FE6C98 /* SceneDelegate.m */; };
		5603067824714CE800FE6C98 /* ViewController.m in Sources */ = {isa = PBXBuildFile; fileRef = 5603067724714CE800FE6C98 /* ViewController.m */; };
		5603067B24714CE800FE6C98 /* Main.storyboard in Resources */ = {isa = PBXBuildFile; fileRef = 5603067924714CE800FE6C98 /* Main.storyboard */; };
		5603067D24714CEA00FE6C98 /* Assets.xcassets in Resources */ = {isa = PBXBuildFile; fileRef = 5603067C24714CEA00FE6C98 /* Assets.xcassets */; };
		5603068024714CEA00FE6C98 /* LaunchScreen.storyboard in Resources */ = {isa = PBXBuildFile; fileRef = 5603067E24714CEA00FE6C98 /* LaunchScreen.storyboard */; };
		5603068324714CEA00FE6C98 /* main.m in Sources */ = {isa = PBXBuildFile; fileRef = 5603068224714CEA00FE6C98 /* main.m */; };
		5603069424714E5200FE6C98 /* BWOperationTest.m in Sources */ = {isa = PBXBuildFile; fileRef = 5603068C24714E5200FE6C98 /* BWOperationTest.m */; };
		5603069624714E5200FE6C98 /* BWGcdTest.m in Sources */ = {isa = PBXBuildFile; fileRef = 5603069024714E5200FE6C98 /* BWGcdTest.m */; };
		5603069724714E5200FE6C98 /* BWThreadTest.m in Sources */ = {isa = PBXBuildFile; fileRef = 5603069224714E5200FE6C98 /* BWThreadTest.m */; };
		5603069B24714E5D00FE6C98 /* BWLock.m in Sources */ = {isa = PBXBuildFile; fileRef = 5603069A24714E5D00FE6C98 /* BWLock.m */; };
		5603069F24714E6800FE6C98 /* BWProperty.m in Sources */ = {isa = PBXBuildFile; fileRef = 5603069E24714E6800FE6C98 /* BWProperty.m */; };
		560306A324714E7500FE6C98 /* BWMethodTest.m in Sources */ = {isa = PBXBuildFile; fileRef = 560306A124714E7500FE6C98 /* BWMethodTest.m */; };
		560306AB24714E8000FE6C98 /* NSObject+bwSwizzle.m in Sources */ = {isa = PBXBuildFile; fileRef = 560306A524714E8000FE6C98 /* NSObject+bwSwizzle.m */; };
		560306AC24714E8000FE6C98 /* UIViewController+psSwizzle.m in Sources */ = {isa = PBXBuildFile; fileRef = 560306A624714E8000FE6C98 /* UIViewController+psSwizzle.m */; };
		560306AD24714E8000FE6C98 /* UIViewController+bwSwizzle.m in Sources */ = {isa = PBXBuildFile; fileRef = 560306AA24714E8000FE6C98 /* UIViewController+bwSwizzle.m */; };
		560306BA24714E8C00FE6C98 /* BWResponderView4.m in Sources */ = {isa = PBXBuildFile; fileRef = 560306B024714E8C00FE6C98 /* BWResponderView4.m */; };
		560306BB24714E8C00FE6C98 /* BWResponderView3.m in Sources */ = {isa = PBXBuildFile; fileRef = 560306B324714E8C00FE6C98 /* BWResponderView3.m */; };
		560306BC24714E8C00FE6C98 /* BWResponderViewController.m in Sources */ = {isa = PBXBuildFile; fileRef = 560306B424714E8C00FE6C98 /* BWResponderViewController.m */; };
		560306BD24714E8C00FE6C98 /* BWResponderView2.m in Sources */ = {isa = PBXBuildFile; fileRef = 560306B624714E8C00FE6C98 /* BWResponderView2.m */; };
		560306BE24714E8C00FE6C98 /* BWResponderViewController.xib in Resources */ = {isa = PBXBuildFile; fileRef = 560306B724714E8C00FE6C98 /* BWResponderViewController.xib */; };
		560306BF24714E8C00FE6C98 /* BWResponderView1.m in Sources */ = {isa = PBXBuildFile; fileRef = 560306B924714E8C00FE6C98 /* BWResponderView1.m */; };
		560306C42471832400FE6C98 /* BWCustomScrollView.m in Sources */ = {isa = PBXBuildFile; fileRef = 560306C32471832400FE6C98 /* BWCustomScrollView.m */; };
		560306C72471834F00FE6C98 /* BWCustomScrollViewController.m in Sources */ = {isa = PBXBuildFile; fileRef = 560306C62471834F00FE6C98 /* BWCustomScrollViewController.m */; };
		560306CA247183CA00FE6C98 /* BWPanGestureOne.m in Sources */ = {isa = PBXBuildFile; fileRef = 560306C9247183CA00FE6C98 /* BWPanGestureOne.m */; };
		560306CE2472DB1F00FE6C98 /* BWBlock.m in Sources */ = {isa = PBXBuildFile; fileRef = 560306CD2472DB1F00FE6C98 /* BWBlock.m */; };
		5606BDE924D421D4006750E7 /* BWCatagoryTest.m in Sources */ = {isa = PBXBuildFile; fileRef = 5606BDE824D421D4006750E7 /* BWCatagoryTest.m */; };
		5682736C24D405FC00DBFD0E /* BWCatagory.m in Sources */ = {isa = PBXBuildFile; fileRef = 5682736B24D405FC00DBFD0E /* BWCatagory.m */; };
		5682737224D4065300DBFD0E /* BWCatagory+bwMethod.m in Sources */ = {isa = PBXBuildFile; fileRef = 5682737124D4065300DBFD0E /* BWCatagory+bwMethod.m */; };
/* End PBXBuildFile section */

/* Begin PBXFileReference section */
		1AFB5E818834D5ED0A690412 /* Pods-OCStudy.debug.xcconfig */ = {isa = PBXFileReference; includeInIndex = 1; lastKnownFileType = text.xcconfig; name = "Pods-OCStudy.debug.xcconfig"; path = "Target Support Files/Pods-OCStudy/Pods-OCStudy.debug.xcconfig"; sourceTree = "<group>"; };
		5603066D24714CE800FE6C98 /* OCStudy.app */ = {isa = PBXFileReference; explicitFileType = wrapper.application; includeInIndex = 0; path = OCStudy.app; sourceTree = BUILT_PRODUCTS_DIR; };
		5603067024714CE800FE6C98 /* AppDelegate.h */ = {isa = PBXFileReference; lastKnownFileType = sourcecode.c.h; path = AppDelegate.h; sourceTree = "<group>"; };
		5603067124714CE800FE6C98 /* AppDelegate.m */ = {isa = PBXFileReference; lastKnownFileType = sourcecode.c.objc; path = AppDelegate.m; sourceTree = "<group>"; };
		5603067324714CE800FE6C98 /* SceneDelegate.h */ = {isa = PBXFileReference; lastKnownFileType = sourcecode.c.h; path = SceneDelegate.h; sourceTree = "<group>"; };
		5603067424714CE800FE6C98 /* SceneDelegate.m */ = {isa = PBXFileReference; lastKnownFileType = sourcecode.c.objc; path = SceneDelegate.m; sourceTree = "<group>"; };
		5603067624714CE800FE6C98 /* ViewController.h */ = {isa = PBXFileReference; lastKnownFileType = sourcecode.c.h; path = ViewController.h; sourceTree = "<group>"; };
		5603067724714CE800FE6C98 /* ViewController.m */ = {isa = PBXFileReference; lastKnownFileType = sourcecode.c.objc; path = ViewController.m; sourceTree = "<group>"; };
		5603067A24714CE800FE6C98 /* Base */ = {isa = PBXFileReference; lastKnownFileType = file.storyboard; name = Base; path = Base.lproj/Main.storyboard; sourceTree = "<group>"; };
		5603067C24714CEA00FE6C98 /* Assets.xcassets */ = {isa = PBXFileReference; lastKnownFileType = folder.assetcatalog; path = Assets.xcassets; sourceTree = "<group>"; };
		5603067F24714CEA00FE6C98 /* Base */ = {isa = PBXFileReference; lastKnownFileType = file.storyboard; name = Base; path = Base.lproj/LaunchScreen.storyboard; sourceTree = "<group>"; };
		5603068124714CEA00FE6C98 /* Info.plist */ = {isa = PBXFileReference; lastKnownFileType = text.plist.xml; path = Info.plist; sourceTree = "<group>"; };
		5603068224714CEA00FE6C98 /* main.m */ = {isa = PBXFileReference; lastKnownFileType = sourcecode.c.objc; path = main.m; sourceTree = "<group>"; };
		5603068C24714E5200FE6C98 /* BWOperationTest.m */ = {isa = PBXFileReference; fileEncoding = 4; lastKnownFileType = sourcecode.c.objc; path = BWOperationTest.m; sourceTree = "<group>"; };
		5603068D24714E5200FE6C98 /* BWGcdTest.h */ = {isa = PBXFileReference; fileEncoding = 4; lastKnownFileType = sourcecode.c.h; path = BWGcdTest.h; sourceTree = "<group>"; };
		5603068E24714E5200FE6C98 /* BWThreadTest.h */ = {isa = PBXFileReference; fileEncoding = 4; lastKnownFileType = sourcecode.c.h; path = BWThreadTest.h; sourceTree = "<group>"; };
		5603069024714E5200FE6C98 /* BWGcdTest.m */ = {isa = PBXFileReference; fileEncoding = 4; lastKnownFileType = sourcecode.c.objc; path = BWGcdTest.m; sourceTree = "<group>"; };
		5603069124714E5200FE6C98 /* BWOperationTest.h */ = {isa = PBXFileReference; fileEncoding = 4; lastKnownFileType = sourcecode.c.h; path = BWOperationTest.h; sourceTree = "<group>"; };
		5603069224714E5200FE6C98 /* BWThreadTest.m */ = {isa = PBXFileReference; fileEncoding = 4; lastKnownFileType = sourcecode.c.objc; path = BWThreadTest.m; sourceTree = "<group>"; };
		5603069924714E5D00FE6C98 /* BWLock.h */ = {isa = PBXFileReference; fileEncoding = 4; lastKnownFileType = sourcecode.c.h; path = BWLock.h; sourceTree = "<group>"; };
		5603069A24714E5D00FE6C98 /* BWLock.m */ = {isa = PBXFileReference; fileEncoding = 4; lastKnownFileType = sourcecode.c.objc; path = BWLock.m; sourceTree = "<group>"; };
		5603069D24714E6800FE6C98 /* BWProperty.h */ = {isa = PBXFileReference; fileEncoding = 4; lastKnownFileType = sourcecode.c.h; path = BWProperty.h; sourceTree = "<group>"; };
		5603069E24714E6800FE6C98 /* BWProperty.m */ = {isa = PBXFileReference; fileEncoding = 4; lastKnownFileType = sourcecode.c.objc; path = BWProperty.m; sourceTree = "<group>"; };
		560306A124714E7500FE6C98 /* BWMethodTest.m */ = {isa = PBXFileReference; fileEncoding = 4; lastKnownFileType = sourcecode.c.objc; path = BWMethodTest.m; sourceTree = "<group>"; };
		560306A224714E7500FE6C98 /* BWMethodTest.h */ = {isa = PBXFileReference; fileEncoding = 4; lastKnownFileType = sourcecode.c.h; path = BWMethodTest.h; sourceTree = "<group>"; };
		560306A524714E8000FE6C98 /* NSObject+bwSwizzle.m */ = {isa = PBXFileReference; fileEncoding = 4; lastKnownFileType = sourcecode.c.objc; path = "NSObject+bwSwizzle.m"; sourceTree = "<group>"; };
		560306A624714E8000FE6C98 /* UIViewController+psSwizzle.m */ = {isa = PBXFileReference; fileEncoding = 4; lastKnownFileType = sourcecode.c.objc; path = "UIViewController+psSwizzle.m"; sourceTree = "<group>"; };
		560306A724714E8000FE6C98 /* UIViewController+bwSwizzle.h */ = {isa = PBXFileReference; fileEncoding = 4; lastKnownFileType = sourcecode.c.h; path = "UIViewController+bwSwizzle.h"; sourceTree = "<group>"; };
		560306A824714E8000FE6C98 /* NSObject+bwSwizzle.h */ = {isa = PBXFileReference; fileEncoding = 4; lastKnownFileType = sourcecode.c.h; path = "NSObject+bwSwizzle.h"; sourceTree = "<group>"; };
		560306A924714E8000FE6C98 /* UIViewController+psSwizzle.h */ = {isa = PBXFileReference; fileEncoding = 4; lastKnownFileType = sourcecode.c.h; path = "UIViewController+psSwizzle.h"; sourceTree = "<group>"; };
		560306AA24714E8000FE6C98 /* UIViewController+bwSwizzle.m */ = {isa = PBXFileReference; fileEncoding = 4; lastKnownFileType = sourcecode.c.objc; path = "UIViewController+bwSwizzle.m"; sourceTree = "<group>"; };
		560306AF24714E8C00FE6C98 /* BWResponderView2.h */ = {isa = PBXFileReference; fileEncoding = 4; lastKnownFileType = sourcecode.c.h; path = BWResponderView2.h; sourceTree = "<group>"; };
		560306B024714E8C00FE6C98 /* BWResponderView4.m */ = {isa = PBXFileReference; fileEncoding = 4; lastKnownFileType = sourcecode.c.objc; path = BWResponderView4.m; sourceTree = "<group>"; };
		560306B124714E8C00FE6C98 /* BWResponderViewController.h */ = {isa = PBXFileReference; fileEncoding = 4; lastKnownFileType = sourcecode.c.h; path = BWResponderViewController.h; sourceTree = "<group>"; };
		560306B224714E8C00FE6C98 /* BWResponderView1.h */ = {isa = PBXFileReference; fileEncoding = 4; lastKnownFileType = sourcecode.c.h; path = BWResponderView1.h; sourceTree = "<group>"; };
		560306B324714E8C00FE6C98 /* BWResponderView3.m */ = {isa = PBXFileReference; fileEncoding = 4; lastKnownFileType = sourcecode.c.objc; path = BWResponderView3.m; sourceTree = "<group>"; };
		560306B424714E8C00FE6C98 /* BWResponderViewController.m */ = {isa = PBXFileReference; fileEncoding = 4; lastKnownFileType = sourcecode.c.objc; path = BWResponderViewController.m; sourceTree = "<group>"; };
		560306B524714E8C00FE6C98 /* BWResponderView4.h */ = {isa = PBXFileReference; fileEncoding = 4; lastKnownFileType = sourcecode.c.h; path = BWResponderView4.h; sourceTree = "<group>"; };
		560306B624714E8C00FE6C98 /* BWResponderView2.m */ = {isa = PBXFileReference; fileEncoding = 4; lastKnownFileType = sourcecode.c.objc; path = BWResponderView2.m; sourceTree = "<group>"; };
		560306B724714E8C00FE6C98 /* BWResponderViewController.xib */ = {isa = PBXFileReference; fileEncoding = 4; lastKnownFileType = file.xib; path = BWResponderViewController.xib; sourceTree = "<group>"; };
		560306B824714E8C00FE6C98 /* BWResponderView3.h */ = {isa = PBXFileReference; fileEncoding = 4; lastKnownFileType = sourcecode.c.h; path = BWResponderView3.h; sourceTree = "<group>"; };
		560306B924714E8C00FE6C98 /* BWResponderView1.m */ = {isa = PBXFileReference; fileEncoding = 4; lastKnownFileType = sourcecode.c.objc; path = BWResponderView1.m; sourceTree = "<group>"; };
		560306C22471832400FE6C98 /* BWCustomScrollView.h */ = {isa = PBXFileReference; lastKnownFileType = sourcecode.c.h; path = BWCustomScrollView.h; sourceTree = "<group>"; };
		560306C32471832400FE6C98 /* BWCustomScrollView.m */ = {isa = PBXFileReference; lastKnownFileType = sourcecode.c.objc; path = BWCustomScrollView.m; sourceTree = "<group>"; };
		560306C52471834F00FE6C98 /* BWCustomScrollViewController.h */ = {isa = PBXFileReference; lastKnownFileType = sourcecode.c.h; path = BWCustomScrollViewController.h; sourceTree = "<group>"; };
		560306C62471834F00FE6C98 /* BWCustomScrollViewController.m */ = {isa = PBXFileReference; lastKnownFileType = sourcecode.c.objc; path = BWCustomScrollViewController.m; sourceTree = "<group>"; };
		560306C8247183CA00FE6C98 /* BWPanGestureOne.h */ = {isa = PBXFileReference; lastKnownFileType = sourcecode.c.h; path = BWPanGestureOne.h; sourceTree = "<group>"; };
		560306C9247183CA00FE6C98 /* BWPanGestureOne.m */ = {isa = PBXFileReference; lastKnownFileType = sourcecode.c.objc; path = BWPanGestureOne.m; sourceTree = "<group>"; };
		560306CC2472DB1F00FE6C98 /* BWBlock.h */ = {isa = PBXFileReference; lastKnownFileType = sourcecode.c.h; path = BWBlock.h; sourceTree = "<group>"; };
		560306CD2472DB1F00FE6C98 /* BWBlock.m */ = {isa = PBXFileReference; lastKnownFileType = sourcecode.c.objc; path = BWBlock.m; sourceTree = "<group>"; };
		5606BDE724D421D4006750E7 /* BWCatagoryTest.h */ = {isa = PBXFileReference; lastKnownFileType = sourcecode.c.h; path = BWCatagoryTest.h; sourceTree = "<group>"; };
		5606BDE824D421D4006750E7 /* BWCatagoryTest.m */ = {isa = PBXFileReference; lastKnownFileType = sourcecode.c.objc; path = BWCatagoryTest.m; sourceTree = "<group>"; };
		5682736A24D405FC00DBFD0E /* BWCatagory.h */ = {isa = PBXFileReference; lastKnownFileType = sourcecode.c.h; path = BWCatagory.h; sourceTree = "<group>"; };
		5682736B24D405FC00DBFD0E /* BWCatagory.m */ = {isa = PBXFileReference; lastKnownFileType = sourcecode.c.objc; path = BWCatagory.m; sourceTree = "<group>"; };
		5682737024D4065300DBFD0E /* BWCatagory+bwMethod.h */ = {isa = PBXFileReference; lastKnownFileType = sourcecode.c.h; path = "BWCatagory+bwMethod.h"; sourceTree = "<group>"; };
		5682737124D4065300DBFD0E /* BWCatagory+bwMethod.m */ = {isa = PBXFileReference; lastKnownFileType = sourcecode.c.objc; path = "BWCatagory+bwMethod.m"; sourceTree = "<group>"; };
		86292583EEE8850F33B234DC /* Pods_OCStudy.framework */ = {isa = PBXFileReference; explicitFileType = wrapper.framework; includeInIndex = 0; path = Pods_OCStudy.framework; sourceTree = BUILT_PRODUCTS_DIR; };
		C85EA711097499F672879FE2 /* Pods-OCStudy.release.xcconfig */ = {isa = PBXFileReference; includeInIndex = 1; lastKnownFileType = text.xcconfig; name = "Pods-OCStudy.release.xcconfig"; path = "Target Support Files/Pods-OCStudy/Pods-OCStudy.release.xcconfig"; sourceTree = "<group>"; };
/* End PBXFileReference section */

/* Begin PBXFrameworksBuildPhase section */
		5603066A24714CE800FE6C98 /* Frameworks */ = {
			isa = PBXFrameworksBuildPhase;
			buildActionMask = 2147483647;
			files = (
				2ACB5689AEC6C04D27339AA0 /* Pods_OCStudy.framework in Frameworks */,
			);
			runOnlyForDeploymentPostprocessing = 0;
		};
/* End PBXFrameworksBuildPhase section */

/* Begin PBXGroup section */
		5603066424714CE800FE6C98 = {
			isa = PBXGroup;
			children = (
				5603066F24714CE800FE6C98 /* OCStudy */,
				5603066E24714CE800FE6C98 /* Products */,
				750319881FE5299804F19D88 /* Pods */,
				E92F10CA7C0AD37D4EC0C5E3 /* Frameworks */,
			);
			sourceTree = "<group>";
		};
		5603066E24714CE800FE6C98 /* Products */ = {
			isa = PBXGroup;
			children = (
				5603066D24714CE800FE6C98 /* OCStudy.app */,
			);
			name = Products;
			sourceTree = "<group>";
		};
		5603066F24714CE800FE6C98 /* OCStudy */ = {
			isa = PBXGroup;
			children = (
				5606BDEA24D423AB006750E7 /* Catagory */,
				560306CB2472DAFB00FE6C98 /* Block */,
				560306AE24714E8C00FE6C98 /* UI */,
				560306A424714E8000FE6C98 /* Swizzle */,
				560306A024714E7500FE6C98 /* Runtime */,
				5603069C24714E6800FE6C98 /* Property */,
				5603069824714E5D00FE6C98 /* Lock */,
				5603068B24714E5200FE6C98 /* 多线程 */,
				5603067024714CE800FE6C98 /* AppDelegate.h */,
				5603067124714CE800FE6C98 /* AppDelegate.m */,
				5603067324714CE800FE6C98 /* SceneDelegate.h */,
				5603067424714CE800FE6C98 /* SceneDelegate.m */,
				5603067624714CE800FE6C98 /* ViewController.h */,
				5603067724714CE800FE6C98 /* ViewController.m */,
				5603067924714CE800FE6C98 /* Main.storyboard */,
				5603067C24714CEA00FE6C98 /* Assets.xcassets */,
				5603067E24714CEA00FE6C98 /* LaunchScreen.storyboard */,
				5603068124714CEA00FE6C98 /* Info.plist */,
				5603068224714CEA00FE6C98 /* main.m */,
			);
			path = OCStudy;
			sourceTree = "<group>";
		};
		5603068B24714E5200FE6C98 /* 多线程 */ = {
			isa = PBXGroup;
			children = (
				5603068D24714E5200FE6C98 /* BWGcdTest.h */,
				5603069024714E5200FE6C98 /* BWGcdTest.m */,
				5603068E24714E5200FE6C98 /* BWThreadTest.h */,
				5603069224714E5200FE6C98 /* BWThreadTest.m */,
				5603069124714E5200FE6C98 /* BWOperationTest.h */,
				5603068C24714E5200FE6C98 /* BWOperationTest.m */,
			);
			path = "多线程";
			sourceTree = "<group>";
		};
		5603069824714E5D00FE6C98 /* Lock */ = {
			isa = PBXGroup;
			children = (
				5603069924714E5D00FE6C98 /* BWLock.h */,
				5603069A24714E5D00FE6C98 /* BWLock.m */,
			);
			path = Lock;
			sourceTree = "<group>";
		};
		5603069C24714E6800FE6C98 /* Property */ = {
			isa = PBXGroup;
			children = (
				5603069D24714E6800FE6C98 /* BWProperty.h */,
				5603069E24714E6800FE6C98 /* BWProperty.m */,
			);
			path = Property;
			sourceTree = "<group>";
		};
		560306A024714E7500FE6C98 /* Runtime */ = {
			isa = PBXGroup;
			children = (
				560306A224714E7500FE6C98 /* BWMethodTest.h */,
				560306A124714E7500FE6C98 /* BWMethodTest.m */,
			);
			path = Runtime;
			sourceTree = "<group>";
		};
		560306A424714E8000FE6C98 /* Swizzle */ = {
			isa = PBXGroup;
			children = (
				560306A824714E8000FE6C98 /* NSObject+bwSwizzle.h */,
				560306A524714E8000FE6C98 /* NSObject+bwSwizzle.m */,
				560306A924714E8000FE6C98 /* UIViewController+psSwizzle.h */,
				560306A624714E8000FE6C98 /* UIViewController+psSwizzle.m */,
				560306A724714E8000FE6C98 /* UIViewController+bwSwizzle.h */,
				560306AA24714E8000FE6C98 /* UIViewController+bwSwizzle.m */,
			);
			path = Swizzle;
			sourceTree = "<group>";
		};
		560306AE24714E8C00FE6C98 /* UI */ = {
			isa = PBXGroup;
			children = (
				560306C1247182F300FE6C98 /* 自定义scrollview */,
				560306C0247182E300FE6C98 /* 响应链 */,
			);
			path = UI;
			sourceTree = "<group>";
		};
		560306C0247182E300FE6C98 /* 响应链 */ = {
			isa = PBXGroup;
			children = (
				560306B924714E8C00FE6C98 /* BWResponderView1.m */,
				560306B224714E8C00FE6C98 /* BWResponderView1.h */,
				560306AF24714E8C00FE6C98 /* BWResponderView2.h */,
				560306B624714E8C00FE6C98 /* BWResponderView2.m */,
				560306B824714E8C00FE6C98 /* BWResponderView3.h */,
				560306B324714E8C00FE6C98 /* BWResponderView3.m */,
				560306B524714E8C00FE6C98 /* BWResponderView4.h */,
				560306B024714E8C00FE6C98 /* BWResponderView4.m */,
				560306B124714E8C00FE6C98 /* BWResponderViewController.h */,
				560306B424714E8C00FE6C98 /* BWResponderViewController.m */,
				560306B724714E8C00FE6C98 /* BWResponderViewController.xib */,
			);
			path = "响应链";
			sourceTree = "<group>";
		};
		560306C1247182F300FE6C98 /* 自定义scrollview */ = {
			isa = PBXGroup;
			children = (
				560306C22471832400FE6C98 /* BWCustomScrollView.h */,
				560306C32471832400FE6C98 /* BWCustomScrollView.m */,
				560306C52471834F00FE6C98 /* BWCustomScrollViewController.h */,
				560306C62471834F00FE6C98 /* BWCustomScrollViewController.m */,
				560306C8247183CA00FE6C98 /* BWPanGestureOne.h */,
				560306C9247183CA00FE6C98 /* BWPanGestureOne.m */,
			);
			path = "自定义scrollview";
			sourceTree = "<group>";
		};
		560306CB2472DAFB00FE6C98 /* Block */ = {
			isa = PBXGroup;
			children = (
				560306CC2472DB1F00FE6C98 /* BWBlock.h */,
				560306CD2472DB1F00FE6C98 /* BWBlock.m */,
			);
			path = Block;
			sourceTree = "<group>";
		};
		5606BDEA24D423AB006750E7 /* Catagory */ = {
			isa = PBXGroup;
			children = (
				5682736A24D405FC00DBFD0E /* BWCatagory.h */,
				5682736B24D405FC00DBFD0E /* BWCatagory.m */,
				5682737024D4065300DBFD0E /* BWCatagory+bwMethod.h */,
				5682737124D4065300DBFD0E /* BWCatagory+bwMethod.m */,
				5606BDE724D421D4006750E7 /* BWCatagoryTest.h */,
				5606BDE824D421D4006750E7 /* BWCatagoryTest.m */,
			);
			path = Catagory;
			sourceTree = "<group>";
		};
		750319881FE5299804F19D88 /* Pods */ = {
			isa = PBXGroup;
			children = (
				1AFB5E818834D5ED0A690412 /* Pods-OCStudy.debug.xcconfig */,
				C85EA711097499F672879FE2 /* Pods-OCStudy.release.xcconfig */,
			);
			path = Pods;
			sourceTree = "<group>";
		};
		E92F10CA7C0AD37D4EC0C5E3 /* Frameworks */ = {
			isa = PBXGroup;
			children = (
				86292583EEE8850F33B234DC /* Pods_OCStudy.framework */,
			);
			name = Frameworks;
			sourceTree = "<group>";
		};
/* End PBXGroup section */

/* Begin PBXNativeTarget section */
		5603066C24714CE800FE6C98 /* OCStudy */ = {
			isa = PBXNativeTarget;
			buildConfigurationList = 5603068624714CEA00FE6C98 /* Build configuration list for PBXNativeTarget "OCStudy" */;
			buildPhases = (
				8502EEF3C5873ABD9D5CD4C1 /* [CP] Check Pods Manifest.lock */,
				5603066924714CE800FE6C98 /* Sources */,
				5603066A24714CE800FE6C98 /* Frameworks */,
				5603066B24714CE800FE6C98 /* Resources */,
				8A3428585EE0C48B7802BCA8 /* [CP] Embed Pods Frameworks */,
			);
			buildRules = (
			);
			dependencies = (
			);
			name = OCStudy;
			productName = OCStudy;
			productReference = 5603066D24714CE800FE6C98 /* OCStudy.app */;
			productType = "com.apple.product-type.application";
		};
/* End PBXNativeTarget section */

/* Begin PBXProject section */
		5603066524714CE800FE6C98 /* Project object */ = {
			isa = PBXProject;
			attributes = {
				LastUpgradeCheck = 1140;
				ORGANIZATIONNAME = Bright;
				TargetAttributes = {
					5603066C24714CE800FE6C98 = {
						CreatedOnToolsVersion = 11.4;
					};
				};
			};
			buildConfigurationList = 5603066824714CE800FE6C98 /* Build configuration list for PBXProject "OCStudy" */;
			compatibilityVersion = "Xcode 9.3";
			developmentRegion = en;
			hasScannedForEncodings = 0;
			knownRegions = (
				en,
				Base,
			);
			mainGroup = 5603066424714CE800FE6C98;
			productRefGroup = 5603066E24714CE800FE6C98 /* Products */;
			projectDirPath = "";
			projectRoot = "";
			targets = (
				5603066C24714CE800FE6C98 /* OCStudy */,
			);
		};
/* End PBXProject section */

/* Begin PBXResourcesBuildPhase section */
		5603066B24714CE800FE6C98 /* Resources */ = {
			isa = PBXResourcesBuildPhase;
			buildActionMask = 2147483647;
			files = (
				560306BE24714E8C00FE6C98 /* BWResponderViewController.xib in Resources */,
				5603068024714CEA00FE6C98 /* LaunchScreen.storyboard in Resources */,
				5603067D24714CEA00FE6C98 /* Assets.xcassets in Resources */,
				5603067B24714CE800FE6C98 /* Main.storyboard in Resources */,
			);
			runOnlyForDeploymentPostprocessing = 0;
		};
/* End PBXResourcesBuildPhase section */

/* Begin PBXShellScriptBuildPhase section */
		8502EEF3C5873ABD9D5CD4C1 /* [CP] Check Pods Manifest.lock */ = {
			isa = PBXShellScriptBuildPhase;
			buildActionMask = 2147483647;
			files = (
			);
			inputFileListPaths = (
			);
			inputPaths = (
				"${PODS_PODFILE_DIR_PATH}/Podfile.lock",
				"${PODS_ROOT}/Manifest.lock",
			);
			name = "[CP] Check Pods Manifest.lock";
			outputFileListPaths = (
			);
			outputPaths = (
				"$(DERIVED_FILE_DIR)/Pods-OCStudy-checkManifestLockResult.txt",
			);
			runOnlyForDeploymentPostprocessing = 0;
			shellPath = /bin/sh;
			shellScript = "diff \"${PODS_PODFILE_DIR_PATH}/Podfile.lock\" \"${PODS_ROOT}/Manifest.lock\" > /dev/null\nif [ $? != 0 ] ; then\n    # print error to STDERR\n    echo \"error: The sandbox is not in sync with the Podfile.lock. Run 'pod install' or update your CocoaPods installation.\" >&2\n    exit 1\nfi\n# This output is used by Xcode 'outputs' to avoid re-running this script phase.\necho \"SUCCESS\" > \"${SCRIPT_OUTPUT_FILE_0}\"\n";
			showEnvVarsInLog = 0;
		};
		8A3428585EE0C48B7802BCA8 /* [CP] Embed Pods Frameworks */ = {
			isa = PBXShellScriptBuildPhase;
			buildActionMask = 2147483647;
			files = (
			);
			inputFileListPaths = (
				"${PODS_ROOT}/Target Support Files/Pods-OCStudy/Pods-OCStudy-frameworks-${CONFIGURATION}-input-files.xcfilelist",
			);
			name = "[CP] Embed Pods Frameworks";
			outputFileListPaths = (
				"${PODS_ROOT}/Target Support Files/Pods-OCStudy/Pods-OCStudy-frameworks-${CONFIGURATION}-output-files.xcfilelist",
			);
			runOnlyForDeploymentPostprocessing = 0;
			shellPath = /bin/sh;
			shellScript = "\"${PODS_ROOT}/Target Support Files/Pods-OCStudy/Pods-OCStudy-frameworks.sh\"\n";
			showEnvVarsInLog = 0;
		};
/* End PBXShellScriptBuildPhase section */

/* Begin PBXSourcesBuildPhase section */
		5603066924714CE800FE6C98 /* Sources */ = {
			isa = PBXSourcesBuildPhase;
			buildActionMask = 2147483647;
			files = (
				5603067824714CE800FE6C98 /* ViewController.m in Sources */,
				5603069F24714E6800FE6C98 /* BWProperty.m in Sources */,
				5603067224714CE800FE6C98 /* AppDelegate.m in Sources */,
				560306CA247183CA00FE6C98 /* BWPanGestureOne.m in Sources */,
				5603069724714E5200FE6C98 /* BWThreadTest.m in Sources */,
				5682737224D4065300DBFD0E /* BWCatagory+bwMethod.m in Sources */,
				5603068324714CEA00FE6C98 /* main.m in Sources */,
				560306CE2472DB1F00FE6C98 /* BWBlock.m in Sources */,
				560306BB24714E8C00FE6C98 /* BWResponderView3.m in Sources */,
				560306BD24714E8C00FE6C98 /* BWResponderView2.m in Sources */,
				560306C72471834F00FE6C98 /* BWCustomScrollViewController.m in Sources */,
				560306AC24714E8000FE6C98 /* UIViewController+psSwizzle.m in Sources */,
				5606BDE924D421D4006750E7 /* BWCatagoryTest.m in Sources */,
				560306BF24714E8C00FE6C98 /* BWResponderView1.m in Sources */,
				5603067524714CE800FE6C98 /* SceneDelegate.m in Sources */,
				560306AB24714E8000FE6C98 /* NSObject+bwSwizzle.m in Sources */,
				5603069B24714E5D00FE6C98 /* BWLock.m in Sources */,
				560306C42471832400FE6C98 /* BWCustomScrollView.m in Sources */,
				560306AD24714E8000FE6C98 /* UIViewController+bwSwizzle.m in Sources */,
				5603069624714E5200FE6C98 /* BWGcdTest.m in Sources */,
				5682736C24D405FC00DBFD0E /* BWCatagory.m in Sources */,
				5603069424714E5200FE6C98 /* BWOperationTest.m in Sources */,
				560306BC24714E8C00FE6C98 /* BWResponderViewController.m in Sources */,
				560306A324714E7500FE6C98 /* BWMethodTest.m in Sources */,
				560306BA24714E8C00FE6C98 /* BWResponderView4.m in Sources */,
			);
			runOnlyForDeploymentPostprocessing = 0;
		};
/* End PBXSourcesBuildPhase section */

/* Begin PBXVariantGroup section */
		5603067924714CE800FE6C98 /* Main.storyboard */ = {
			isa = PBXVariantGroup;
			children = (
				5603067A24714CE800FE6C98 /* Base */,
			);
			name = Main.storyboard;
			sourceTree = "<group>";
		};
		5603067E24714CEA00FE6C98 /* LaunchScreen.storyboard */ = {
			isa = PBXVariantGroup;
			children = (
				5603067F24714CEA00FE6C98 /* Base */,
			);
			name = LaunchScreen.storyboard;
			sourceTree = "<group>";
		};
/* End PBXVariantGroup section */

/* Begin XCBuildConfiguration section */
		5603068424714CEA00FE6C98 /* Debug */ = {
			isa = XCBuildConfiguration;
			buildSettings = {
				ALWAYS_SEARCH_USER_PATHS = NO;
				CLANG_ANALYZER_NONNULL = YES;
				CLANG_ANALYZER_NUMBER_OBJECT_CONVERSION = YES_AGGRESSIVE;
				CLANG_CXX_LANGUAGE_STANDARD = "gnu++14";
				CLANG_CXX_LIBRARY = "libc++";
				CLANG_ENABLE_MODULES = YES;
				CLANG_ENABLE_OBJC_ARC = YES;
				CLANG_ENABLE_OBJC_WEAK = YES;
				CLANG_WARN_BLOCK_CAPTURE_AUTORELEASING = YES;
				CLANG_WARN_BOOL_CONVERSION = YES;
				CLANG_WARN_COMMA = YES;
				CLANG_WARN_CONSTANT_CONVERSION = YES;
				CLANG_WARN_DEPRECATED_OBJC_IMPLEMENTATIONS = YES;
				CLANG_WARN_DIRECT_OBJC_ISA_USAGE = YES_ERROR;
				CLANG_WARN_DOCUMENTATION_COMMENTS = YES;
				CLANG_WARN_EMPTY_BODY = YES;
				CLANG_WARN_ENUM_CONVERSION = YES;
				CLANG_WARN_INFINITE_RECURSION = YES;
				CLANG_WARN_INT_CONVERSION = YES;
				CLANG_WARN_NON_LITERAL_NULL_CONVERSION = YES;
				CLANG_WARN_OBJC_IMPLICIT_RETAIN_SELF = YES;
				CLANG_WARN_OBJC_LITERAL_CONVERSION = YES;
				CLANG_WARN_OBJC_ROOT_CLASS = YES_ERROR;
				CLANG_WARN_RANGE_LOOP_ANALYSIS = YES;
				CLANG_WARN_STRICT_PROTOTYPES = YES;
				CLANG_WARN_SUSPICIOUS_MOVE = YES;
				CLANG_WARN_UNGUARDED_AVAILABILITY = YES_AGGRESSIVE;
				CLANG_WARN_UNREACHABLE_CODE = YES;
				CLANG_WARN__DUPLICATE_METHOD_MATCH = YES;
				COPY_PHASE_STRIP = NO;
				DEBUG_INFORMATION_FORMAT = dwarf;
				ENABLE_STRICT_OBJC_MSGSEND = YES;
				ENABLE_TESTABILITY = YES;
				GCC_C_LANGUAGE_STANDARD = gnu11;
				GCC_DYNAMIC_NO_PIC = NO;
				GCC_NO_COMMON_BLOCKS = YES;
				GCC_OPTIMIZATION_LEVEL = 0;
				GCC_PREPROCESSOR_DEFINITIONS = (
					"DEBUG=1",
					"$(inherited)",
				);
				GCC_WARN_64_TO_32_BIT_CONVERSION = YES;
				GCC_WARN_ABOUT_RETURN_TYPE = YES_ERROR;
				GCC_WARN_UNDECLARED_SELECTOR = YES;
				GCC_WARN_UNINITIALIZED_AUTOS = YES_AGGRESSIVE;
				GCC_WARN_UNUSED_FUNCTION = YES;
				GCC_WARN_UNUSED_VARIABLE = YES;
				IPHONEOS_DEPLOYMENT_TARGET = 13.4;
				MTL_ENABLE_DEBUG_INFO = INCLUDE_SOURCE;
				MTL_FAST_MATH = YES;
				ONLY_ACTIVE_ARCH = YES;
				SDKROOT = iphoneos;
			};
			name = Debug;
		};
		5603068524714CEA00FE6C98 /* Release */ = {
			isa = XCBuildConfiguration;
			buildSettings = {
				ALWAYS_SEARCH_USER_PATHS = NO;
				CLANG_ANALYZER_NONNULL = YES;
				CLANG_ANALYZER_NUMBER_OBJECT_CONVERSION = YES_AGGRESSIVE;
				CLANG_CXX_LANGUAGE_STANDARD = "gnu++14";
				CLANG_CXX_LIBRARY = "libc++";
				CLANG_ENABLE_MODULES = YES;
				CLANG_ENABLE_OBJC_ARC = YES;
				CLANG_ENABLE_OBJC_WEAK = YES;
				CLANG_WARN_BLOCK_CAPTURE_AUTORELEASING = YES;
				CLANG_WARN_BOOL_CONVERSION = YES;
				CLANG_WARN_COMMA = YES;
				CLANG_WARN_CONSTANT_CONVERSION = YES;
				CLANG_WARN_DEPRECATED_OBJC_IMPLEMENTATIONS = YES;
				CLANG_WARN_DIRECT_OBJC_ISA_USAGE = YES_ERROR;
				CLANG_WARN_DOCUMENTATION_COMMENTS = YES;
				CLANG_WARN_EMPTY_BODY = YES;
				CLANG_WARN_ENUM_CONVERSION = YES;
				CLANG_WARN_INFINITE_RECURSION = YES;
				CLANG_WARN_INT_CONVERSION = YES;
				CLANG_WARN_NON_LITERAL_NULL_CONVERSION = YES;
				CLANG_WARN_OBJC_IMPLICIT_RETAIN_SELF = YES;
				CLANG_WARN_OBJC_LITERAL_CONVERSION = YES;
				CLANG_WARN_OBJC_ROOT_CLASS = YES_ERROR;
				CLANG_WARN_RANGE_LOOP_ANALYSIS = YES;
				CLANG_WARN_STRICT_PROTOTYPES = YES;
				CLANG_WARN_SUSPICIOUS_MOVE = YES;
				CLANG_WARN_UNGUARDED_AVAILABILITY = YES_AGGRESSIVE;
				CLANG_WARN_UNREACHABLE_CODE = YES;
				CLANG_WARN__DUPLICATE_METHOD_MATCH = YES;
				COPY_PHASE_STRIP = NO;
				DEBUG_INFORMATION_FORMAT = "dwarf-with-dsym";
				ENABLE_NS_ASSERTIONS = NO;
				ENABLE_STRICT_OBJC_MSGSEND = YES;
				GCC_C_LANGUAGE_STANDARD = gnu11;
				GCC_NO_COMMON_BLOCKS = YES;
				GCC_WARN_64_TO_32_BIT_CONVERSION = YES;
				GCC_WARN_ABOUT_RETURN_TYPE = YES_ERROR;
				GCC_WARN_UNDECLARED_SELECTOR = YES;
				GCC_WARN_UNINITIALIZED_AUTOS = YES_AGGRESSIVE;
				GCC_WARN_UNUSED_FUNCTION = YES;
				GCC_WARN_UNUSED_VARIABLE = YES;
				IPHONEOS_DEPLOYMENT_TARGET = 13.4;
				MTL_ENABLE_DEBUG_INFO = NO;
				MTL_FAST_MATH = YES;
				SDKROOT = iphoneos;
				VALIDATE_PRODUCT = YES;
			};
			name = Release;
		};
		5603068724714CEA00FE6C98 /* Debug */ = {
			isa = XCBuildConfiguration;
			baseConfigurationReference = 1AFB5E818834D5ED0A690412 /* Pods-OCStudy.debug.xcconfig */;
			buildSettings = {
				ASSETCATALOG_COMPILER_APPICON_NAME = AppIcon;
				CODE_SIGN_STYLE = Automatic;
				DEVELOPMENT_TEAM = H2B5544493;
				ENABLE_STRICT_OBJC_MSGSEND = NO;
				INFOPLIST_FILE = OCStudy/Info.plist;
				IPHONEOS_DEPLOYMENT_TARGET = 13.0;
				LD_RUNPATH_SEARCH_PATHS = (
					"$(inherited)",
					"@executable_path/Frameworks",
				);
				PRODUCT_BUNDLE_IDENTIFIER = com.bright.OCStudy;
				PRODUCT_NAME = "$(TARGET_NAME)";
				TARGETED_DEVICE_FAMILY = "1,2";
			};
			name = Debug;
		};
		5603068824714CEA00FE6C98 /* Release */ = {
			isa = XCBuildConfiguration;
			baseConfigurationReference = C85EA711097499F672879FE2 /* Pods-OCStudy.release.xcconfig */;
			buildSettings = {
				ASSETCATALOG_COMPILER_APPICON_NAME = AppIcon;
				CODE_SIGN_STYLE = Automatic;
				DEVELOPMENT_TEAM = H2B5544493;
				ENABLE_STRICT_OBJC_MSGSEND = NO;
				INFOPLIST_FILE = OCStudy/Info.plist;
				IPHONEOS_DEPLOYMENT_TARGET = 13.0;
				LD_RUNPATH_SEARCH_PATHS = (
					"$(inherited)",
					"@executable_path/Frameworks",
				);
				PRODUCT_BUNDLE_IDENTIFIER = com.bright.OCStudy;
				PRODUCT_NAME = "$(TARGET_NAME)";
				TARGETED_DEVICE_FAMILY = "1,2";
			};
			name = Release;
		};
/* End XCBuildConfiguration section */

/* Begin XCConfigurationList section */
		5603066824714CE800FE6C98 /* Build configuration list for PBXProject "OCStudy" */ = {
			isa = XCConfigurationList;
			buildConfigurations = (
				5603068424714CEA00FE6C98 /* Debug */,
				5603068524714CEA00FE6C98 /* Release */,
			);
			defaultConfigurationIsVisible = 0;
			defaultConfigurationName = Release;
		};
		5603068624714CEA00FE6C98 /* Build configuration list for PBXNativeTarget "OCStudy" */ = {
			isa = XCConfigurationList;
			buildConfigurations = (
				5603068724714CEA00FE6C98 /* Debug */,
				5603068824714CEA00FE6C98 /* Release */,
			);
			defaultConfigurationIsVisible = 0;
			defaultConfigurationName = Release;
		};
/* End XCConfigurationList section */
	};
	rootObject = 5603066524714CE800FE6C98 /* Project object */;
}
